
Microsoft Visual Studio Solution File, Format Version 12.00
# Visual Studio 15
VisualStudioVersion = 15.0.27703.2026
MinimumVisualStudioVersion = 10.0.40219.1
Project("{FAE04EC0-301F-11D3-BF4B-00C04F79EFBC}") = "AdvGold2018.Android", "AdvGold2018\AdvGold2018.Android\AdvGold2018.Android.csproj", "{83791C64-4718-4999-87DE-D2C92DEA3C43}"
EndProject
Project("{FAE04EC0-301F-11D3-BF4B-00C04F79EFBC}") = "AdvGold2018.iOS", "AdvGold2018\AdvGold2018.iOS\AdvGold2018.iOS.csproj", "{EEBE6AB7-0925-4E13-9282-F1D58BC24AE7}"
EndProject
Project("{9A19103F-16F7-4668-BE54-9A1E7A4F7556}") = "AdvGold2018", "AdvGold2018\AdvGold2018\AdvGold2018.csproj", "{98DBFE2E-9AF9-4810-B6B6-D42C20EDC706}"
EndProject
Global
	GlobalSection(SolutionConfigurationPlatforms) = preSolution
		Ad-Hoc|Any CPU = Ad-Hoc|Any CPU
		Ad-Hoc|iPhone = Ad-Hoc|iPhone
		Ad-Hoc|iPhoneSimulator = Ad-Hoc|iPhoneSimulator
		AppStore|Any CPU = AppStore|Any CPU
		AppStore|iPhone = AppStore|iPhone
		AppStore|iPhoneSimulator = AppStore|iPhoneSimulator
		Debug|Any CPU = Debug|Any CPU
		Debug|iPhone = Debug|iPhone
		Debug|iPhoneSimulator = Debug|iPhoneSimulator
		Release|Any CPU = Release|Any CPU
		Release|iPhone = Release|iPhone
		Release|iPhoneSimulator = Release|iPhoneSimulator
	EndGlobalSection
	GlobalSection(ProjectConfigurationPlatforms) = postSolution
		{83791C64-4718-4999-87DE-D2C92DEA3C43}.Ad-Hoc|Any CPU.ActiveCfg = Release|Any CPU
		{83791C64-4718-4999-87DE-D2C92DEA3C43}.Ad-Hoc|Any CPU.Build.0 = Release|Any CPU
		{83791C64-4718-4999-87DE-D2C92DEA3C43}.Ad-Hoc|Any CPU.Deploy.0 = Release|Any CPU
		{83791C64-4718-4999-87DE-D2C92DEA3C43}.Ad-Hoc|iPhone.ActiveCfg = Release|Any CPU
		{83791C64-4718-4999-87DE-D2C92DEA3C43}.Ad-Hoc|iPhone.Build.0 = Release|Any CPU
		{83791C64-4718-4999-87DE-D2C92DEA3C43}.Ad-Hoc|iPhone.Deploy.0 = Release|Any CPU
		{83791C64-4718-4999-87DE-D2C92DEA3C43}.Ad-Hoc|iPhoneSimulator.ActiveCfg = Release|Any CPU
		{83791C64-4718-4999-87DE-D2C92DEA3C43}.Ad-Hoc|iPhoneSimulator.Build.0 = Release|Any CPU
		{83791C64-4718-4999-87DE-D2C92DEA3C43}.Ad-Hoc|iPhoneSimulator.Deploy.0 = Release|Any CPU
		{83791C64-4718-4999-87DE-D2C92DEA3C43}.AppStore|Any CPU.ActiveCfg = Release|Any CPU
		{83791C64-4718-4999-87DE-D2C92DEA3C43}.AppStore|Any CPU.Build.0 = Release|Any CPU
		{83791C64-4718-4999-87DE-D2C92DEA3C43}.AppStore|Any CPU.Deploy.0 = Release|Any CPU
		{83791C64-4718-4999-87DE-D2C92DEA3C43}.AppStore|iPhone.ActiveCfg = Release|Any CPU
		{83791C64-4718-4999-87DE-D2C92DEA3C43}.AppStore|iPhone.Build.0 = Release|Any CPU
		{83791C64-4718-4999-87DE-D2C92DEA3C43}.AppStore|iPhone.Deploy.0 = Release|Any CPU
		{83791C64-4718-4999-87DE-D2C92DEA3C43}.AppStore|iPhoneSimulator.ActiveCfg = Release|Any CPU
		{83791C64-4718-4999-87DE-D2C92DEA3C43}.AppStore|iPhoneSimulator.Build.0 = Release|Any CPU
		{83791C64-4718-4999-87DE-D2C92DEA3C43}.AppStore|iPhoneSimulator.Deploy.0 = Release|Any CPU
		{83791C64-4718-4999-87DE-D2C92DEA3C43}.Debug|Any CPU.ActiveCfg = Debug|Any CPU
		{83791C64-4718-4999-87DE-D2C92DEA3C43}.Debug|Any CPU.Build.0 = Debug|Any CPU
		{83791C64-4718-4999-87DE-D2C92DEA3C43}.Debug|Any CPU.Deploy.0 = Debug|Any CPU
		{83791C64-4718-4999-87DE-D2C92DEA3C43}.Debug|iPhone.ActiveCfg = Debug|Any CPU
		{83791C64-4718-4999-87DE-D2C92DEA3C43}.Debug|iPhone.Build.0 = Debug|Any CPU
		{83791C64-4718-4999-87DE-D2C92DEA3C43}.Debug|iPhone.Deploy.0 = Debug|Any CPU
		{83791C64-4718-4999-87DE-D2C92DEA3C43}.Debug|iPhoneSimulator.ActiveCfg = Debug|Any CPU
		{83791C64-4718-4999-87DE-D2C92DEA3C43}.Debug|iPhoneSimulator.Build.0 = Debug|Any CPU
		{83791C64-4718-4999-87DE-D2C92DEA3C43}.Debug|iPhoneSimulator.Deploy.0 = Debug|Any CPU
		{83791C64-4718-4999-87DE-D2C92DEA3C43}.Release|Any CPU.ActiveCfg = Release|Any CPU
		{83791C64-4718-4999-87DE-D2C92DEA3C43}.Release|Any CPU.Build.0 = Release|Any CPU
		{83791C64-4718-4999-87DE-D2C92DEA3C43}.Release|Any CPU.Deploy.0 = Release|Any CPU
		{83791C64-4718-4999-87DE-D2C92DEA3C43}.Release|iPhone.ActiveCfg = Release|Any CPU
		{83791C64-4718-4999-87DE-D2C92DEA3C43}.Release|iPhone.Build.0 = Release|Any CPU
		{83791C64-4718-4999-87DE-D2C92DEA3C43}.Release|iPhone.Deploy.0 = Release|Any CPU
		{83791C64-4718-4999-87DE-D2C92DEA3C43}.Release|iPhoneSimulator.ActiveCfg = Release|Any CPU
		{83791C64-4718-4999-87DE-D2C92DEA3C43}.Release|iPhoneSimulator.Build.0 = Release|Any CPU
		{83791C64-4718-4999-87DE-D2C92DEA3C43}.Release|iPhoneSimulator.Deploy.0 = Release|Any CPU
		{EEBE6AB7-0925-4E13-9282-F1D58BC24AE7}.Ad-Hoc|Any CPU.ActiveCfg = Ad-Hoc|iPhone
		{EEBE6AB7-0925-4E13-9282-F1D58BC24AE7}.Ad-Hoc|Any CPU.Build.0 = Ad-Hoc|iPhone
		{EEBE6AB7-0925-4E13-9282-F1D58BC24AE7}.Ad-Hoc|Any CPU.Deploy.0 = Ad-Hoc|iPhone
		{EEBE6AB7-0925-4E13-9282-F1D58BC24AE7}.Ad-Hoc|iPhone.ActiveCfg = Ad-Hoc|iPhone
		{EEBE6AB7-0925-4E13-9282-F1D58BC24AE7}.Ad-Hoc|iPhone.Build.0 = Ad-Hoc|iPhone
		{EEBE6AB7-0925-4E13-9282-F1D58BC24AE7}.Ad-Hoc|iPhone.Deploy.0 = Ad-Hoc|iPhone
		{EEBE6AB7-0925-4E13-9282-F1D58BC24AE7}.Ad-Hoc|iPhoneSimulator.ActiveCfg = Ad-Hoc|iPhoneSimulator
		{EEBE6AB7-0925-4E13-9282-F1D58BC24AE7}.Ad-Hoc|iPhoneSimulator.Build.0 = Ad-Hoc|iPhoneSimulator
		{EEBE6AB7-0925-4E13-9282-F1D58BC24AE7}.Ad-Hoc|iPhoneSimulator.Deploy.0 = Ad-Hoc|iPhoneSimulator
		{EEBE6AB7-0925-4E13-9282-F1D58BC24AE7}.AppStore|Any CPU.ActiveCfg = AppStore|iPhone
		{EEBE6AB7-0925-4E13-9282-F1D58BC24AE7}.AppStore|Any CPU.Build.0 = AppStore|iPhone
		{EEBE6AB7-0925-4E13-9282-F1D58BC24AE7}.AppStore|Any CPU.Deploy.0 = AppStore|iPhone
		{EEBE6AB7-0925-4E13-9282-F1D58BC24AE7}.AppStore|iPhone.ActiveCfg = AppStore|iPhone
		{EEBE6AB7-0925-4E13-9282-F1D58BC24AE7}.AppStore|iPhone.Build.0 = AppStore|iPhone
		{EEBE6AB7-0925-4E13-9282-F1D58BC24AE7}.AppStore|iPhone.Deploy.0 = AppStore|iPhone
		{EEBE6AB7-0925-4E13-9282-F1D58BC24AE7}.AppStore|iPhoneSimulator.ActiveCfg = AppStore|iPhoneSimulator
		{EEBE6AB7-0925-4E13-9282-F1D58BC24AE7}.AppStore|iPhoneSimulator.Build.0 = AppStore|iPhoneSimulator
		{EEBE6AB7-0925-4E13-9282-F1D58BC24AE7}.AppStore|iPhoneSimulator.Deploy.0 = AppStore|iPhoneSimulator
		{EEBE6AB7-0925-4E13-9282-F1D58BC24AE7}.Debug|Any CPU.ActiveCfg = Debug|iPhoneSimulator
		{EEBE6AB7-0925-4E13-9282-F1D58BC24AE7}.Debug|Any CPU.Build.0 = Debug|iPhoneSimulator
		{EEBE6AB7-0925-4E13-9282-F1D58BC24AE7}.Debug|Any CPU.Deploy.0 = Debug|iPhoneSimulator
		{EEBE6AB7-0925-4E13-9282-F1D58BC24AE7}.Debug|iPhone.ActiveCfg = Debug|iPhone
		{EEBE6AB7-0925-4E13-9282-F1D58BC24AE7}.Debug|iPhone.Build.0 = Debug|iPhone
		{EEBE6AB7-0925-4E13-9282-F1D58BC24AE7}.Debug|iPhone.Deploy.0 = Debug|iPhone
		{EEBE6AB7-0925-4E13-9282-F1D58BC24AE7}.Debug|iPhoneSimulator.ActiveCfg = Debug|iPhoneSimulator
		{EEBE6AB7-0925-4E13-9282-F1D58BC24AE7}.Debug|iPhoneSimulator.Build.0 = Debug|iPhoneSimulator
		{EEBE6AB7-0925-4E13-9282-F1D58BC24AE7}.Debug|iPhoneSimulator.Deploy.0 = Debug|iPhoneSimulator
		{EEBE6AB7-0925-4E13-9282-F1D58BC24AE7}.Release|Any CPU.ActiveCfg = Release|iPhone
		{EEBE6AB7-0925-4E13-9282-F1D58BC24AE7}.Release|Any CPU.Build.0 = Release|iPhone
		{EEBE6AB7-0925-4E13-9282-F1D58BC24AE7}.Release|Any CPU.Deploy.0 = Release|iPhone
		{EEBE6AB7-0925-4E13-9282-F1D58BC24AE7}.Release|iPhone.ActiveCfg = Release|iPhone
		{EEBE6AB7-0925-4E13-9282-F1D58BC24AE7}.Release|iPhone.Build.0 = Release|iPhone
		{EEBE6AB7-0925-4E13-9282-F1D58BC24AE7}.Release|iPhone.Deploy.0 = Release|iPhone
		{EEBE6AB7-0925-4E13-9282-F1D58BC24AE7}.Release|iPhoneSimulator.ActiveCfg = Release|iPhoneSimulator
		{EEBE6AB7-0925-4E13-9282-F1D58BC24AE7}.Release|iPhoneSimulator.Build.0 = Release|iPhoneSimulator
		{EEBE6AB7-0925-4E13-9282-F1D58BC24AE7}.Release|iPhoneSimulator.Deploy.0 = Release|iPhoneSimulator
		{98DBFE2E-9AF9-4810-B6B6-D42C20EDC706}.Ad-Hoc|Any CPU.ActiveCfg = Debug|Any CPU
		{98DBFE2E-9AF9-4810-B6B6-D42C20EDC706}.Ad-Hoc|Any CPU.Build.0 = Debug|Any CPU
		{98DBFE2E-9AF9-4810-B6B6-D42C20EDC706}.Ad-Hoc|Any CPU.Deploy.0 = Debug|Any CPU
		{98DBFE2E-9AF9-4810-B6B6-D42C20EDC706}.Ad-Hoc|iPhone.ActiveCfg = Debug|Any CPU
		{98DBFE2E-9AF9-4810-B6B6-D42C20EDC706}.Ad-Hoc|iPhone.Build.0 = Debug|Any CPU
		{98DBFE2E-9AF9-4810-B6B6-D42C20EDC706}.Ad-Hoc|iPhone.Deploy.0 = Debug|Any CPU
		{98DBFE2E-9AF9-4810-B6B6-D42C20EDC706}.Ad-Hoc|iPhoneSimulator.ActiveCfg = Debug|Any CPU
		{98DBFE2E-9AF9-4810-B6B6-D42C20EDC706}.Ad-Hoc|iPhoneSimulator.Build.0 = Debug|Any CPU
		{98DBFE2E-9AF9-4810-B6B6-D42C20EDC706}.Ad-Hoc|iPhoneSimulator.Deploy.0 = Debug|Any CPU
		{98DBFE2E-9AF9-4810-B6B6-D42C20EDC706}.AppStore|Any CPU.ActiveCfg = Debug|Any CPU
		{98DBFE2E-9AF9-4810-B6B6-D42C20EDC706}.AppStore|Any CPU.Build.0 = Debug|Any CPU
		{98DBFE2E-9AF9-4810-B6B6-D42C20EDC706}.AppStore|Any CPU.Deploy.0 = Debug|Any CPU
		{98DBFE2E-9AF9-4810-B6B6-D42C20EDC706}.AppStore|iPhone.ActiveCfg = Debug|Any CPU
		{98DBFE2E-9AF9-4810-B6B6-D42C20EDC706}.AppStore|iPhone.Build.0 = Debug|Any CPU
		{98DBFE2E-9AF9-4810-B6B6-D42C20EDC706}.AppStore|iPhone.Deploy.0 = Debug|Any CPU
		{98DBFE2E-9AF9-4810-B6B6-D42C20EDC706}.AppStore|iPhoneSimulator.ActiveCfg = Debug|Any CPU
		{98DBFE2E-9AF9-4810-B6B6-D42C20EDC706}.AppStore|iPhoneSimulator.Build.0 = Debug|Any CPU
		{98DBFE2E-9AF9-4810-B6B6-D42C20EDC706}.AppStore|iPhoneSimulator.Deploy.0 = Debug|Any CPU
		{98DBFE2E-9AF9-4810-B6B6-D42C20EDC706}.Debug|Any CPU.ActiveCfg = Debug|Any CPU
		{98DBFE2E-9AF9-4810-B6B6-D42C20EDC706}.Debug|Any CPU.Build.0 = Debug|Any CPU
		{98DBFE2E-9AF9-4810-B6B6-D42C20EDC706}.Debug|Any CPU.Deploy.0 = Debug|Any CPU
		{98DBFE2E-9AF9-4810-B6B6-D42C20EDC706}.Debug|iPhone.ActiveCfg = Debug|Any CPU
		{98DBFE2E-9AF9-4810-B6B6-D42C20EDC706}.Debug|iPhone.Build.0 = Debug|Any CPU
		{98DBFE2E-9AF9-4810-B6B6-D42C20EDC706}.Debug|iPhone.Deploy.0 = Debug|Any CPU
		{98DBFE2E-9AF9-4810-B6B6-D42C20EDC706}.Debug|iPhoneSimulator.ActiveCfg = Debug|Any CPU
		{98DBFE2E-9AF9-4810-B6B6-D42C20EDC706}.Debug|iPhoneSimulator.Build.0 = Debug|Any CPU
		{98DBFE2E-9AF9-4810-B6B6-D42C20EDC706}.Debug|iPhoneSimulator.Deploy.0 = Debug|Any CPU
		{98DBFE2E-9AF9-4810-B6B6-D42C20EDC706}.Release|Any CPU.ActiveCfg = Release|Any CPU
		{98DBFE2E-9AF9-4810-B6B6-D42C20EDC706}.Release|Any CPU.Build.0 = Release|Any CPU
		{98DBFE2E-9AF9-4810-B6B6-D42C20EDC706}.Release|Any CPU.Deploy.0 = Release|Any CPU
		{98DBFE2E-9AF9-4810-B6B6-D42C20EDC706}.Release|iPhone.ActiveCfg = Release|Any CPU
		{98DBFE2E-9AF9-4810-B6B6-D42C20EDC706}.Release|iPhone.Build.0 = Release|Any CPU
		{98DBFE2E-9AF9-4810-B6B6-D42C20EDC706}.Release|iPhone.Deploy.0 = Release|Any CPU
		{98DBFE2E-9AF9-4810-B6B6-D42C20EDC706}.Release|iPhoneSimulator.ActiveCfg = Release|Any CPU
		{98DBFE2E-9AF9-4810-B6B6-D42C20EDC706}.Release|iPhoneSimulator.Build.0 = Release|Any CPU
		{98DBFE2E-9AF9-4810-B6B6-D42C20EDC706}.Release|iPhoneSimulator.Deploy.0 = Release|Any CPU
	EndGlobalSection
	GlobalSection(SolutionProperties) = preSolution
		HideSolutionNode = FALSE
	EndGlobalSection
	GlobalSection(ExtensibilityGlobals) = postSolution
		SolutionGuid = {E9E699D6-B3A8-473A-BF31-005A7CD3BB5A}
	EndGlobalSection
EndGlobal
